// !$*UTF8*$!
{
	archiveVersion = 1;
	classes = {
	};
	objectVersion = 50;
	objects = {

/* Begin PBXBuildFile section */
		F8D4019F25CBD0BD005A3A9E /* AppDelegate.swift in Sources */ = {isa = PBXBuildFile; fileRef = F8D4019E25CBD0BD005A3A9E /* AppDelegate.swift */; };
		F8D401A125CBD0BD005A3A9E /* SceneDelegate.swift in Sources */ = {isa = PBXBuildFile; fileRef = F8D401A025CBD0BD005A3A9E /* SceneDelegate.swift */; };
		F8D401A325CBD0BD005A3A9E /* ViewController.swift in Sources */ = {isa = PBXBuildFile; fileRef = F8D401A225CBD0BD005A3A9E /* ViewController.swift */; };
		F8D401A625CBD0BD005A3A9E /* Main.storyboard in Resources */ = {isa = PBXBuildFile; fileRef = F8D401A425CBD0BD005A3A9E /* Main.storyboard */; };
		F8D401A825CBD0BD005A3A9E /* Assets.xcassets in Resources */ = {isa = PBXBuildFile; fileRef = F8D401A725CBD0BD005A3A9E /* Assets.xcassets */; };
		F8D401AB25CBD0BD005A3A9E /* LaunchScreen.storyboard in Resources */ = {isa = PBXBuildFile; fileRef = F8D401A925CBD0BD005A3A9E /* LaunchScreen.storyboard */; };
/* End PBXBuildFile section */

/* Begin PBXFileReference section */
		F8D4019B25CBD0BD005A3A9E /* tabBarControllerTutorial-iOS.app */ = {isa = PBXFileReference; explicitFileType = wrapper.application; includeInIndex = 0; path = "tabBarControllerTutorial-iOS.app"; sourceTree = BUILT_PRODUCTS_DIR; };
		F8D4019E25CBD0BD005A3A9E /* AppDelegate.swift */ = {isa = PBXFileReference; lastKnownFileType = sourcecode.swift; path = AppDelegate.swift; sourceTree = "<group>"; };
		F8D401A025CBD0BD005A3A9E /* SceneDelegate.swift */ = {isa = PBXFileReference; lastKnownFileType = sourcecode.swift; path = SceneDelegate.swift; sourceTree = "<group>"; };
		F8D401A225CBD0BD005A3A9E /* ViewController.swift */ = {isa = PBXFileReference; lastKnownFileType = sourcecode.swift; path = ViewController.swift; sourceTree = "<group>"; };
		F8D401A525CBD0BD005A3A9E /* Base */ = {isa = PBXFileReference; lastKnownFileType = file.storyboard; name = Base; path = Base.lproj/Main.storyboard; sourceTree = "<group>"; };
		F8D401A725CBD0BD005A3A9E /* Assets.xcassets */ = {isa = PBXFileReference; lastKnownFileType = folder.assetcatalog; path = Assets.xcassets; sourceTree = "<group>"; };
		F8D401AA25CBD0BD005A3A9E /* Base */ = {isa = PBXFileReference; lastKnownFileType = file.storyboard; name = Base; path = Base.lproj/LaunchScreen.storyboard; sourceTree = "<group>"; };
		F8D401AC25CBD0BD005A3A9E /* Info.plist */ = {isa = PBXFileReference; lastKnownFileType = text.plist.xml; path = Info.plist; sourceTree = "<group>"; };
/* End PBXFileReference section */

/* Begin PBXFrameworksBuildPhase section */
		F8D4019825CBD0BD005A3A9E /* Frameworks */ = {
			isa = PBXFrameworksBuildPhase;
			buildActionMask = 2147483647;
			files = (
			);
			runOnlyForDeploymentPostprocessing = 0;
		};
/* End PBXFrameworksBuildPhase section */

/* Begin PBXGroup section */
		F8D4019225CBD0BD005A3A9E = {
			isa = PBXGroup;
			children = (
				F8D4019D25CBD0BD005A3A9E /* tabBarControllerTutorial-iOS */,
				F8D4019C25CBD0BD005A3A9E /* Products */,
			);
			sourceTree = "<group>";
		};
		F8D4019C25CBD0BD005A3A9E /* Products */ = {
			isa = PBXGroup;
			children = (
				F8D4019B25CBD0BD005A3A9E /* tabBarControllerTutorial-iOS.app */,
			);
			name = Products;
			sourceTree = "<group>";
		};
		F8D4019D25CBD0BD005A3A9E /* tabBarControllerTutorial-iOS */ = {
			isa = PBXGroup;
			children = (
				F8D4019E25CBD0BD005A3A9E /* AppDelegate.swift */,
				F8D401A025CBD0BD005A3A9E /* SceneDelegate.swift */,
				F8D401A225CBD0BD005A3A9E /* ViewController.swift */,
				F8D401A425CBD0BD005A3A9E /* Main.storyboard */,
				F8D401A725CBD0BD005A3A9E /* Assets.xcassets */,
				F8D401A925CBD0BD005A3A9E /* LaunchScreen.storyboard */,
				F8D401AC25CBD0BD005A3A9E /* Info.plist */,
			);
			path = "tabBarControllerTutorial-iOS";
			sourceTree = "<group>";
		};
/* End PBXGroup section */

/* Begin PBXNativeTarget section */
		F8D4019A25CBD0BD005A3A9E /* tabBarControllerTutorial-iOS */ = {
			isa = PBXNativeTarget;
			buildConfigurationList = F8D401AF25CBD0BD005A3A9E /* Build configuration list for PBXNativeTarget "tabBarControllerTutorial-iOS" */;
			buildPhases = (
				F8D4019725CBD0BD005A3A9E /* Sources */,
				F8D4019825CBD0BD005A3A9E /* Frameworks */,
				F8D4019925CBD0BD005A3A9E /* Resources */,
			);
			buildRules = (
			);
			dependencies = (
			);
			name = "tabBarControllerTutorial-iOS";
			productName = "tabBarControllerTutorial-iOS";
			productReference = F8D4019B25CBD0BD005A3A9E /* tabBarControllerTutorial-iOS.app */;
			productType = "com.apple.product-type.application";
		};
/* End PBXNativeTarget section */

/* Begin PBXProject section */
		F8D4019325CBD0BD005A3A9E /* Project object */ = {
			isa = PBXProject;
			attributes = {
				LastSwiftUpdateCheck = 1240;
				LastUpgradeCheck = 1240;
				TargetAttributes = {
					F8D4019A25CBD0BD005A3A9E = {
						CreatedOnToolsVersion = 12.4;
					};
				};
			};
			buildConfigurationList = F8D4019625CBD0BD005A3A9E /* Build configuration list for PBXProject "tabBarControllerTutorial-iOS" */;
			compatibilityVersion = "Xcode 9.3";
			developmentRegion = en;
			hasScannedForEncodings = 0;
			knownRegions = (
				en,
				Base,
			);
			mainGroup = F8D4019225CBD0BD005A3A9E;
			productRefGroup = F8D4019C25CBD0BD005A3A9E /* Products */;
			projectDirPath = "";
			projectRoot = "";
			targets = (
				F8D4019A25CBD0BD005A3A9E /* tabBarControllerTutorial-iOS */,
			);
		};
/* End PBXProject section */

/* Begin PBXResourcesBuildPhase section */
		F8D4019925CBD0BD005A3A9E /* Resources */ = {
			isa = PBXResourcesBuildPhase;
			buildActionMask = 2147483647;
			files = (
				F8D401AB25CBD0BD005A3A9E /* LaunchScreen.storyboard in Resources */,
				F8D401A825CBD0BD005A3A9E /* Assets.xcassets in Resources */,
				F8D401A625CBD0BD005A3A9E /* Main.storyboard in Resources */,
			);
			runOnlyForDeploymentPostprocessing = 0;
		};
/* End PBXResourcesBuildPhase section */

/* Begin PBXSourcesBuildPhase section */
		F8D4019725CBD0BD005A3A9E /* Sources */ = {
			isa = PBXSourcesBuildPhase;
			buildActionMask = 2147483647;
			files = (
				F8D401A325CBD0BD005A3A9E /* ViewController.swift in Sources */,
				F8D4019F25CBD0BD005A3A9E /* AppDelegate.swift in Sources */,
				F8D401A125CBD0BD005A3A9E /* SceneDelegate.swift in Sources */,
			);
			runOnlyForDeploymentPostprocessing = 0;
		};
/* End PBXSourcesBuildPhase section */

/* Begin PBXVariantGroup section */
		F8D401A425CBD0BD005A3A9E /* Main.storyboard */ = {
			isa = PBXVariantGroup;
			children = (
				F8D401A525CBD0BD005A3A9E /* Base */,
			);
			name = Main.storyboard;
			sourceTree = "<group>";
		};
		F8D401A925CBD0BD005A3A9E /* LaunchScreen.storyboard */ = {
			isa = PBXVariantGroup;
			children = (
				F8D401AA25CBD0BD005A3A9E /* Base */,
			);
			name = LaunchScreen.storyboard;
			sourceTree = "<group>";
		};
/* End PBXVariantGroup section */

/* Begin XCBuildConfiguration section */
		F8D401AD25CBD0BD005A3A9E /* Debug */ = {
			isa = XCBuildConfiguration;
			buildSettings = {
				ALWAYS_SEARCH_USER_PATHS = NO;
				CLANG_ANALYZER_NONNULL = YES;
				CLANG_ANALYZER_NUMBER_OBJECT_CONVERSION = YES_AGGRESSIVE;
				CLANG_CXX_LANGUAGE_STANDARD = "gnu++14";
				CLANG_CXX_LIBRARY = "libc++";
				CLANG_ENABLE_MODULES = YES;
				CLANG_ENABLE_OBJC_ARC = YES;
				CLANG_ENABLE_OBJC_WEAK = YES;
				CLANG_WARN_BLOCK_CAPTURE_AUTORELEASING = YES;
				CLANG_WARN_BOOL_CONVERSION = YES;
				CLANG_WARN_COMMA = YES;
				CLANG_WARN_CONSTANT_CONVERSION = YES;
				CLANG_WARN_DEPRECATED_OBJC_IMPLEMENTATIONS = YES;
				CLANG_WARN_DIRECT_OBJC_ISA_USAGE = YES_ERROR;
				CLANG_WARN_DOCUMENTATION_COMMENTS = YES;
				CLANG_WARN_EMPTY_BODY = YES;
				CLANG_WARN_ENUM_CONVERSION = YES;
				CLANG_WARN_INFINITE_RECURSION = YES;
				CLANG_WARN_INT_CONVERSION = YES;
				CLANG_WARN_NON_LITERAL_NULL_CONVERSION = YES;
				CLANG_WARN_OBJC_IMPLICIT_RETAIN_SELF = YES;
				CLANG_WARN_OBJC_LITERAL_CONVERSION = YES;
				CLANG_WARN_OBJC_ROOT_CLASS = YES_ERROR;
				CLANG_WARN_QUOTED_INCLUDE_IN_FRAMEWORK_HEADER = YES;
				CLANG_WARN_RANGE_LOOP_ANALYSIS = YES;
				CLANG_WARN_STRICT_PROTOTYPES = YES;
				CLANG_WARN_SUSPICIOUS_MOVE = YES;
				CLANG_WARN_UNGUARDED_AVAILABILITY = YES_AGGRESSIVE;
				CLANG_WARN_UNREACHABLE_CODE = YES;
				CLANG_WARN__DUPLICATE_METHOD_MATCH = YES;
				COPY_PHASE_STRIP = NO;
				DEBUG_INFORMATION_FORMAT = dwarf;
				ENABLE_STRICT_OBJC_MSGSEND = YES;
				ENABLE_TESTABILITY = YES;
				GCC_C_LANGUAGE_STANDARD = gnu11;
				GCC_DYNAMIC_NO_PIC = NO;
				GCC_NO_COMMON_BLOCKS = YES;
				GCC_OPTIMIZATION_LEVEL = 0;
				GCC_PREPROCESSOR_DEFINITIONS = (
					"DEBUG=1",
					"$(inherited)",
				);
				GCC_WARN_64_TO_32_BIT_CONVERSION = YES;
				GCC_WARN_ABOUT_RETURN_TYPE = YES_ERROR;
				GCC_WARN_UNDECLARED_SELECTOR = YES;
				GCC_WARN_UNINITIALIZED_AUTOS = YES_AGGRESSIVE;
				GCC_WARN_UNUSED_FUNCTION = YES;
				GCC_WARN_UNUSED_VARIABLE = YES;
				IPHONEOS_DEPLOYMENT_TARGET = 14.4;
				MTL_ENABLE_DEBUG_INFO = INCLUDE_SOURCE;
				MTL_FAST_MATH = YES;
				ONLY_ACTIVE_ARCH = YES;
				SDKROOT = iphoneos;
				SWIFT_ACTIVE_COMPILATION_CONDITIONS = DEBUG;
				SWIFT_OPTIMIZATION_LEVEL = "-Onone";
			};
			name = Debug;
		};
		F8D401AE25CBD0BD005A3A9E /* Release */ = {
			isa = XCBuildConfiguration;
			buildSettings = {
				ALWAYS_SEARCH_USER_PATHS = NO;
				CLANG_ANALYZER_NONNULL = YES;
				CLANG_ANALYZER_NUMBER_OBJECT_CONVERSION = YES_AGGRESSIVE;
				CLANG_CXX_LANGUAGE_STANDARD = "gnu++14";
				CLANG_CXX_LIBRARY = "libc++";
				CLANG_ENABLE_MODULES = YES;
				CLANG_ENABLE_OBJC_ARC = YES;
				CLANG_ENABLE_OBJC_WEAK = YES;
				CLANG_WARN_BLOCK_CAPTURE_AUTORELEASING = YES;
				CLANG_WARN_BOOL_CONVERSION = YES;
				CLANG_WARN_COMMA = YES;
				CLANG_WARN_CONSTANT_CONVERSION = YES;
				CLANG_WARN_DEPRECATED_OBJC_IMPLEMENTATIONS = YES;
				CLANG_WARN_DIRECT_OBJC_ISA_USAGE = YES_ERROR;
				CLANG_WARN_DOCUMENTATION_COMMENTS = YES;
				CLANG_WARN_EMPTY_BODY = YES;
				CLANG_WARN_ENUM_CONVERSION = YES;
				CLANG_WARN_INFINITE_RECURSION = YES;
				CLANG_WARN_INT_CONVERSION = YES;
				CLANG_WARN_NON_LITERAL_NULL_CONVERSION = YES;
				CLANG_WARN_OBJC_IMPLICIT_RETAIN_SELF = YES;
				CLANG_WARN_OBJC_LITERAL_CONVERSION = YES;
				CLANG_WARN_OBJC_ROOT_CLASS = YES_ERROR;
				CLANG_WARN_QUOTED_INCLUDE_IN_FRAMEWORK_HEADER = YES;
				CLANG_WARN_RANGE_LOOP_ANALYSIS = YES;
				CLANG_WARN_STRICT_PROTOTYPES = YES;
				CLANG_WARN_SUSPICIOUS_MOVE = YES;
				CLANG_WARN_UNGUARDED_AVAILABILITY = YES_AGGRESSIVE;
				CLANG_WARN_UNREACHABLE_CODE = YES;
				CLANG_WARN__DUPLICATE_METHOD_MATCH = YES;
				COPY_PHASE_STRIP = NO;
				DEBUG_INFORMATION_FORMAT = "dwarf-with-dsym";
				ENABLE_NS_ASSERTIONS = NO;
				ENABLE_STRICT_OBJC_MSGSEND = YES;
				GCC_C_LANGUAGE_STANDARD = gnu11;
				GCC_NO_COMMON_BLOCKS = YES;
				GCC_WARN_64_TO_32_BIT_CONVERSION = YES;
				GCC_WARN_ABOUT_RETURN_TYPE = YES_ERROR;
				GCC_WARN_UNDECLARED_SELECTOR = YES;
				GCC_WARN_UNINITIALIZED_AUTOS = YES_AGGRESSIVE;
				GCC_WARN_UNUSED_FUNCTION = YES;
				GCC_WARN_UNUSED_VARIABLE = YES;
				IPHONEOS_DEPLOYMENT_TARGET = 14.4;
				MTL_ENABLE_DEBUG_INFO = NO;
				MTL_FAST_MATH = YES;
				SDKROOT = iphoneos;
				SWIFT_COMPILATION_MODE = wholemodule;
				SWIFT_OPTIMIZATION_LEVEL = "-O";
				VALIDATE_PRODUCT = YES;
			};
			name = Release;
		};
		F8D401B025CBD0BD005A3A9E /* Debug */ = {
			isa = XCBuildConfiguration;
			buildSettings = {
				ASSETCATALOG_COMPILER_APPICON_NAME = AppIcon;
				ASSETCATALOG_COMPILER_GLOBAL_ACCENT_COLOR_NAME = AccentColor;
				CODE_SIGN_STYLE = Automatic;
				DEVELOPMENT_TEAM = T8C9SSEX5G;
				INFOPLIST_FILE = "tabBarControllerTutorial-iOS/Info.plist";
				LD_RUNPATH_SEARCH_PATHS = (
					"$(inherited)",
					"@executable_path/Frameworks",
				);
				PRODUCT_BUNDLE_IDENTIFIER = "hyun99999.tabBarControllerTutorial-iOS";
				PRODUCT_NAME = "$(TARGET_NAME)";
				SWIFT_VERSION = 5.0;
				TARGETED_DEVICE_FAMILY = "1,2";
			};
			name = Debug;
		};
		F8D401B125CBD0BD005A3A9E /* Release */ = {
			isa = XCBuildConfiguration;
			buildSettings = {
				ASSETCATALOG_COMPILER_APPICON_NAME = AppIcon;
				ASSETCATALOG_COMPILER_GLOBAL_ACCENT_COLOR_NAME = AccentColor;
				CODE_SIGN_STYLE = Automatic;
				DEVELOPMENT_TEAM = T8C9SSEX5G;
				INFOPLIST_FILE = "tabBarControllerTutorial-iOS/Info.plist";
				LD_RUNPATH_SEARCH_PATHS = (
					"$(inherited)",
					"@executable_path/Frameworks",
				);
				PRODUCT_BUNDLE_IDENTIFIER = "hyun99999.tabBarControllerTutorial-iOS";
				PRODUCT_NAME = "$(TARGET_NAME)";
				SWIFT_VERSION = 5.0;
				TARGETED_DEVICE_FAMILY = "1,2";
			};
			name = Release;
		};
/* End XCBuildConfiguration section */

/* Begin XCConfigurationList section */
		F8D4019625CBD0BD005A3A9E /* Build configuration list for PBXProject "tabBarControllerTutorial-iOS" */ = {
			isa = XCConfigurationList;
			buildConfigurations = (
				F8D401AD25CBD0BD005A3A9E /* Debug */,
				F8D401AE25CBD0BD005A3A9E /* Release */,
			);
			defaultConfigurationIsVisible = 0;
			defaultConfigurationName = Release;
		};
		F8D401AF25CBD0BD005A3A9E /* Build configuration list for PBXNativeTarget "tabBarControllerTutorial-iOS" */ = {
			isa = XCConfigurationList;
			buildConfigurations = (
				F8D401B025CBD0BD005A3A9E /* Debug */,
				F8D401B125CBD0BD005A3A9E /* Release */,
			);
			defaultConfigurationIsVisible = 0;
			defaultConfigurationName = Release;
		};
/* End XCConfigurationList section */
	};
	rootObject = F8D4019325CBD0BD005A3A9E /* Project object */;
}
